
Microsoft Visual Studio Solution File, Format Version 12.00
# Visual Studio 15
VisualStudioVersion = 15.0.27130.2024
MinimumVisualStudioVersion = 10.0.40219.1
Project("{FAE04EC0-301F-11D3-BF4B-00C04F79EFBC}") = "StudyCode_Demo", "StudyCode_Demo\StudyCode_Demo.csproj", "{99DF5764-5260-4789-9137-4D7D29193917}"
EndProject
Global
	GlobalSection(SolutionConfigurationPlatforms) = preSolution
		Debug|Any CPU = Debug|Any CPU
		Release|Any CPU = Release|Any CPU
	EndGlobalSection
	GlobalSection(ProjectConfigurationPlatforms) = postSolution
		{99DF5764-5260-4789-9137-4D7D29193917}.Debug|Any CPU.ActiveCfg = Debug|Any CPU
		{99DF5764-5260-4789-9137-4D7D29193917}.Debug|Any CPU.Build.0 = Debug|Any CPU
		{99DF5764-5260-4789-9137-4D7D29193917}.Release|Any CPU.ActiveCfg = Release|Any CPU
		{99DF5764-5260-4789-9137-4D7D29193917}.Release|Any CPU.Build.0 = Release|Any CPU
	EndGlobalSection
	GlobalSection(SolutionProperties) = preSolution
		HideSolutionNode = FALSE
	EndGlobalSection
	GlobalSection(ExtensibilityGlobals) = postSolution
		SolutionGuid = {9634D02B-7FB4-4743-B723-9E466555A785}
	EndGlobalSection
EndGlobal
